
Microsoft Visual Studio Solution File, Format Version 12.00
# Visual Studio Version 16
VisualStudioVersion = 16.0.29403.142
MinimumVisualStudioVersion = 10.0.40219.1
Project("{FAE04EC0-301F-11D3-BF4B-00C04F79EFBC}") = "FreelancerCorp.DAL", "FreelancerCorp\FreelancerCorp.DAL.csproj", "{660B20AF-C796-4FB9-A1DC-5B345C329CEE}"
EndProject
Project("{FAE04EC0-301F-11D3-BF4B-00C04F79EFBC}") = "FreelancerCorp.Executable", "FreelancerCorp.Executable\FreelancerCorp.Executable.csproj", "{76C794E1-3F75-4622-A29E-033D5B3052CD}"
EndProject
Project("{FAE04EC0-301F-11D3-BF4B-00C04F79EFBC}") = "FreelancerCorp.Infrastructure", "FreelancerCorp.Infrastructure\FreelancerCorp.Infrastructure.csproj", "{2992777D-3BA3-4909-849B-6BF932857063}"
EndProject
Project("{FAE04EC0-301F-11D3-BF4B-00C04F79EFBC}") = "FreelancerCorp.Infrastructure.EntityFramework", "FreelancerCorp.Infrastructure.EntityFramework\FreelancerCorp.Infrastructure.EntityFramework.csproj", "{DD82811D-78EE-4A6C-9AAD-F7798F950DB1}"
EndProject
Project("{FAE04EC0-301F-11D3-BF4B-00C04F79EFBC}") = "FreelancerCorp.DAL.Tests", "FreelamcerCorp.DAL.Tests\FreelancerCorp.DAL.Tests.csproj", "{F247E31A-E9BD-4199-B0AB-BB416B9D1250}"
EndProject
Project("{FAE04EC0-301F-11D3-BF4B-00C04F79EFBC}") = "FreelancerCorp.BusinessLayer", "FreelancerCorp.BusinessLayer\FreelancerCorp.BusinessLayer.csproj", "{F4C80260-EE75-49B0-8AB1-22CA82B585DD}"
EndProject
Project("{FAE04EC0-301F-11D3-BF4B-00C04F79EFBC}") = "FreelancerCorp.WebApi", "FreelancerCorp.WebApi\FreelancerCorp.WebApi.csproj", "{D01660A3-26D7-467E-BD8D-8224596BA728}"
EndProject
Project("{FAE04EC0-301F-11D3-BF4B-00C04F79EFBC}") = "FreelancerCorp.PresentationLayer", "FreelancerCorp.PresentationLayer\FreelancerCorp.PresentationLayer.csproj", "{A262F8B9-60CA-44C2-B01B-555BA3FAB365}"
EndProject
Global
	GlobalSection(SolutionConfigurationPlatforms) = preSolution
		Debug|Any CPU = Debug|Any CPU
		Release|Any CPU = Release|Any CPU
	EndGlobalSection
	GlobalSection(ProjectConfigurationPlatforms) = postSolution
		{660B20AF-C796-4FB9-A1DC-5B345C329CEE}.Debug|Any CPU.ActiveCfg = Debug|Any CPU
		{660B20AF-C796-4FB9-A1DC-5B345C329CEE}.Debug|Any CPU.Build.0 = Debug|Any CPU
		{660B20AF-C796-4FB9-A1DC-5B345C329CEE}.Release|Any CPU.ActiveCfg = Release|Any CPU
		{660B20AF-C796-4FB9-A1DC-5B345C329CEE}.Release|Any CPU.Build.0 = Release|Any CPU
		{76C794E1-3F75-4622-A29E-033D5B3052CD}.Debug|Any CPU.ActiveCfg = Debug|Any CPU
		{76C794E1-3F75-4622-A29E-033D5B3052CD}.Debug|Any CPU.Build.0 = Debug|Any CPU
		{76C794E1-3F75-4622-A29E-033D5B3052CD}.Release|Any CPU.ActiveCfg = Release|Any CPU
		{76C794E1-3F75-4622-A29E-033D5B3052CD}.Release|Any CPU.Build.0 = Release|Any CPU
		{2992777D-3BA3-4909-849B-6BF932857063}.Debug|Any CPU.ActiveCfg = Debug|Any CPU
		{2992777D-3BA3-4909-849B-6BF932857063}.Debug|Any CPU.Build.0 = Debug|Any CPU
		{2992777D-3BA3-4909-849B-6BF932857063}.Release|Any CPU.ActiveCfg = Release|Any CPU
		{2992777D-3BA3-4909-849B-6BF932857063}.Release|Any CPU.Build.0 = Release|Any CPU
		{DD82811D-78EE-4A6C-9AAD-F7798F950DB1}.Debug|Any CPU.ActiveCfg = Debug|Any CPU
		{DD82811D-78EE-4A6C-9AAD-F7798F950DB1}.Debug|Any CPU.Build.0 = Debug|Any CPU
		{DD82811D-78EE-4A6C-9AAD-F7798F950DB1}.Release|Any CPU.ActiveCfg = Release|Any CPU
		{DD82811D-78EE-4A6C-9AAD-F7798F950DB1}.Release|Any CPU.Build.0 = Release|Any CPU
		{F247E31A-E9BD-4199-B0AB-BB416B9D1250}.Debug|Any CPU.ActiveCfg = Debug|Any CPU
		{F247E31A-E9BD-4199-B0AB-BB416B9D1250}.Debug|Any CPU.Build.0 = Debug|Any CPU
		{F247E31A-E9BD-4199-B0AB-BB416B9D1250}.Release|Any CPU.ActiveCfg = Release|Any CPU
		{F247E31A-E9BD-4199-B0AB-BB416B9D1250}.Release|Any CPU.Build.0 = Release|Any CPU
		{F4C80260-EE75-49B0-8AB1-22CA82B585DD}.Debug|Any CPU.ActiveCfg = Debug|Any CPU
		{F4C80260-EE75-49B0-8AB1-22CA82B585DD}.Debug|Any CPU.Build.0 = Debug|Any CPU
		{F4C80260-EE75-49B0-8AB1-22CA82B585DD}.Release|Any CPU.ActiveCfg = Release|Any CPU
		{F4C80260-EE75-49B0-8AB1-22CA82B585DD}.Release|Any CPU.Build.0 = Release|Any CPU
		{D01660A3-26D7-467E-BD8D-8224596BA728}.Debug|Any CPU.ActiveCfg = Debug|Any CPU
		{D01660A3-26D7-467E-BD8D-8224596BA728}.Debug|Any CPU.Build.0 = Debug|Any CPU
		{D01660A3-26D7-467E-BD8D-8224596BA728}.Release|Any CPU.ActiveCfg = Release|Any CPU
		{D01660A3-26D7-467E-BD8D-8224596BA728}.Release|Any CPU.Build.0 = Release|Any CPU
		{A262F8B9-60CA-44C2-B01B-555BA3FAB365}.Debug|Any CPU.ActiveCfg = Debug|Any CPU
		{A262F8B9-60CA-44C2-B01B-555BA3FAB365}.Debug|Any CPU.Build.0 = Debug|Any CPU
		{A262F8B9-60CA-44C2-B01B-555BA3FAB365}.Release|Any CPU.ActiveCfg = Release|Any CPU
		{A262F8B9-60CA-44C2-B01B-555BA3FAB365}.Release|Any CPU.Build.0 = Release|Any CPU
	EndGlobalSection
	GlobalSection(SolutionProperties) = preSolution
		HideSolutionNode = FALSE
	EndGlobalSection
	GlobalSection(ExtensibilityGlobals) = postSolution
		SolutionGuid = {1AB83BDC-4882-4EF3-9FC7-A1F30CEC8CD9}
	EndGlobalSection
EndGlobal
